
Microsoft Visual Studio Solution File, Format Version 12.00
# Visual Studio 15
Project("{FAE04EC0-301F-11D3-BF4B-00C04F79EFBC}") = "Assembly-CSharp", "Assembly-CSharp.csproj", "{EDC61C2B-C410-CEF0-B21D-485F13BA0E86}"
EndProject
Project("{FAE04EC0-301F-11D3-BF4B-00C04F79EFBC}") = "Assembly-CSharp-Editor", "Assembly-CSharp-Editor.csproj", "{F95B89AC-64F6-49BA-26B0-DAFFBBCFA429}"
EndProject
Global
	GlobalSection(SolutionConfigurationPlatforms) = preSolution
		Debug|Any CPU = Debug|Any CPU
		Release|Any CPU = Release|Any CPU
	EndGlobalSection
	GlobalSection(ProjectConfigurationPlatforms) = postSolution
		{EDC61C2B-C410-CEF0-B21D-485F13BA0E86}.Debug|Any CPU.ActiveCfg = Debug|Any CPU
		{EDC61C2B-C410-CEF0-B21D-485F13BA0E86}.Debug|Any CPU.Build.0 = Debug|Any CPU
		{EDC61C2B-C410-CEF0-B21D-485F13BA0E86}.Release|Any CPU.ActiveCfg = Release|Any CPU
		{EDC61C2B-C410-CEF0-B21D-485F13BA0E86}.Release|Any CPU.Build.0 = Release|Any CPU
		{F95B89AC-64F6-49BA-26B0-DAFFBBCFA429}.Debug|Any CPU.ActiveCfg = Debug|Any CPU
		{F95B89AC-64F6-49BA-26B0-DAFFBBCFA429}.Debug|Any CPU.Build.0 = Debug|Any CPU
		{F95B89AC-64F6-49BA-26B0-DAFFBBCFA429}.Release|Any CPU.ActiveCfg = Release|Any CPU
		{F95B89AC-64F6-49BA-26B0-DAFFBBCFA429}.Release|Any CPU.Build.0 = Release|Any CPU
	EndGlobalSection
	GlobalSection(SolutionProperties) = preSolution
		HideSolutionNode = FALSE
	EndGlobalSection
EndGlobal
